dependencies:
- name: postgresql
  repository: https://charts.bitnami.com/bitnami
  version: 13.2.28
- name: keycloak
  repository: https://charts.bitnami.com/bitnami
  version: 18.1.0
digest: sha256:0d1f7219080a5a38c45ec9705a4ce759c7eeada4fe07a450f593bcdc0edbcf34
generated: "2024-01-15T01:36:53.0121386+02:00"
